// !$*UTF8*$!
{
	archiveVersion = 1;
	classes = {
	};
	objectVersion = 50;
	objects = {

/* Begin PBXBuildFile section */
		D2B9E40A22655633008B3263 /* AppDelegate.swift in Sources */ = {isa = PBXBuildFile; fileRef = D2B9E40922655633008B3263 /* AppDelegate.swift */; };
		D2B9E40C22655633008B3263 /* ViewController.swift in Sources */ = {isa = PBXBuildFile; fileRef = D2B9E40B22655633008B3263 /* ViewController.swift */; };
		D2B9E40F22655633008B3263 /* Main.storyboard in Resources */ = {isa = PBXBuildFile; fileRef = D2B9E40D22655633008B3263 /* Main.storyboard */; };
		D2B9E41122655635008B3263 /* Assets.xcassets in Resources */ = {isa = PBXBuildFile; fileRef = D2B9E41022655635008B3263 /* Assets.xcassets */; };
		D2B9E41422655635008B3263 /* LaunchScreen.storyboard in Resources */ = {isa = PBXBuildFile; fileRef = D2B9E41222655635008B3263 /* LaunchScreen.storyboard */; };
		D2B9E41C2265584E008B3263 /* NetworkManager.swift in Sources */ = {isa = PBXBuildFile; fileRef = D2B9E41B2265584E008B3263 /* NetworkManager.swift */; };
		D2B9E41E226568C1008B3263 /* CutString.swift in Sources */ = {isa = PBXBuildFile; fileRef = D2B9E41D226568C1008B3263 /* CutString.swift */; };
/* End PBXBuildFile section */

/* Begin PBXFileReference section */
		D2B9E40622655633008B3263 /* TechnicalSample.app */ = {isa = PBXFileReference; explicitFileType = wrapper.application; includeInIndex = 0; path = TechnicalSample.app; sourceTree = BUILT_PRODUCTS_DIR; };
		D2B9E40922655633008B3263 /* AppDelegate.swift */ = {isa = PBXFileReference; lastKnownFileType = sourcecode.swift; path = AppDelegate.swift; sourceTree = "<group>"; };
		D2B9E40B22655633008B3263 /* ViewController.swift */ = {isa = PBXFileReference; lastKnownFileType = sourcecode.swift; path = ViewController.swift; sourceTree = "<group>"; };
		D2B9E40E22655633008B3263 /* Base */ = {isa = PBXFileReference; lastKnownFileType = file.storyboard; name = Base; path = Base.lproj/Main.storyboard; sourceTree = "<group>"; };
		D2B9E41022655635008B3263 /* Assets.xcassets */ = {isa = PBXFileReference; lastKnownFileType = folder.assetcatalog; path = Assets.xcassets; sourceTree = "<group>"; };
		D2B9E41322655635008B3263 /* Base */ = {isa = PBXFileReference; lastKnownFileType = file.storyboard; name = Base; path = Base.lproj/LaunchScreen.storyboard; sourceTree = "<group>"; };
		D2B9E41522655635008B3263 /* Info.plist */ = {isa = PBXFileReference; lastKnownFileType = text.plist.xml; path = Info.plist; sourceTree = "<group>"; };
		D2B9E41B2265584E008B3263 /* NetworkManager.swift */ = {isa = PBXFileReference; lastKnownFileType = sourcecode.swift; path = NetworkManager.swift; sourceTree = "<group>"; };
		D2B9E41D226568C1008B3263 /* CutString.swift */ = {isa = PBXFileReference; lastKnownFileType = sourcecode.swift; path = CutString.swift; sourceTree = "<group>"; };
/* End PBXFileReference section */

/* Begin PBXFrameworksBuildPhase section */
		D2B9E40322655633008B3263 /* Frameworks */ = {
			isa = PBXFrameworksBuildPhase;
			buildActionMask = 2147483647;
			files = (
			);
			runOnlyForDeploymentPostprocessing = 0;
		};
/* End PBXFrameworksBuildPhase section */

/* Begin PBXGroup section */
		D2B9E3FD22655633008B3263 = {
			isa = PBXGroup;
			children = (
				D2B9E40822655633008B3263 /* TechnicalSample */,
				D2B9E40722655633008B3263 /* Products */,
			);
			sourceTree = "<group>";
		};
		D2B9E40722655633008B3263 /* Products */ = {
			isa = PBXGroup;
			children = (
				D2B9E40622655633008B3263 /* TechnicalSample.app */,
			);
			name = Products;
			sourceTree = "<group>";
		};
		D2B9E40822655633008B3263 /* TechnicalSample */ = {
			isa = PBXGroup;
			children = (
				D2B9E40922655633008B3263 /* AppDelegate.swift */,
				D2B9E40B22655633008B3263 /* ViewController.swift */,
				D2B9E40D22655633008B3263 /* Main.storyboard */,
				D2B9E41022655635008B3263 /* Assets.xcassets */,
				D2B9E41222655635008B3263 /* LaunchScreen.storyboard */,
				D2B9E41522655635008B3263 /* Info.plist */,
				D2B9E41B2265584E008B3263 /* NetworkManager.swift */,
				D2B9E41D226568C1008B3263 /* CutString.swift */,
			);
			path = TechnicalSample;
			sourceTree = "<group>";
		};
/* End PBXGroup section */

/* Begin PBXNativeTarget section */
		D2B9E40522655633008B3263 /* TechnicalSample */ = {
			isa = PBXNativeTarget;
			buildConfigurationList = D2B9E41822655635008B3263 /* Build configuration list for PBXNativeTarget "TechnicalSample" */;
			buildPhases = (
				D2B9E40222655633008B3263 /* Sources */,
				D2B9E40322655633008B3263 /* Frameworks */,
				D2B9E40422655633008B3263 /* Resources */,
			);
			buildRules = (
			);
			dependencies = (
			);
			name = TechnicalSample;
			productName = TechnicalSample;
			productReference = D2B9E40622655633008B3263 /* TechnicalSample.app */;
			productType = "com.apple.product-type.application";
		};
/* End PBXNativeTarget section */

/* Begin PBXProject section */
		D2B9E3FE22655633008B3263 /* Project object */ = {
			isa = PBXProject;
			attributes = {
				LastSwiftUpdateCheck = 1020;
				LastUpgradeCheck = 1020;
				ORGANIZATIONNAME = jawnyawn;
				TargetAttributes = {
					D2B9E40522655633008B3263 = {
						CreatedOnToolsVersion = 10.2;
					};
				};
			};
			buildConfigurationList = D2B9E40122655633008B3263 /* Build configuration list for PBXProject "TechnicalSample" */;
			compatibilityVersion = "Xcode 9.3";
			developmentRegion = en;
			hasScannedForEncodings = 0;
			knownRegions = (
				en,
				Base,
			);
			mainGroup = D2B9E3FD22655633008B3263;
			productRefGroup = D2B9E40722655633008B3263 /* Products */;
			projectDirPath = "";
			projectRoot = "";
			targets = (
				D2B9E40522655633008B3263 /* TechnicalSample */,
			);
		};
/* End PBXProject section */

/* Begin PBXResourcesBuildPhase section */
		D2B9E40422655633008B3263 /* Resources */ = {
			isa = PBXResourcesBuildPhase;
			buildActionMask = 2147483647;
			files = (
				D2B9E41422655635008B3263 /* LaunchScreen.storyboard in Resources */,
				D2B9E41122655635008B3263 /* Assets.xcassets in Resources */,
				D2B9E40F22655633008B3263 /* Main.storyboard in Resources */,
			);
			runOnlyForDeploymentPostprocessing = 0;
		};
/* End PBXResourcesBuildPhase section */

/* Begin PBXSourcesBuildPhase section */
		D2B9E40222655633008B3263 /* Sources */ = {
			isa = PBXSourcesBuildPhase;
			buildActionMask = 2147483647;
			files = (
				D2B9E41C2265584E008B3263 /* NetworkManager.swift in Sources */,
				D2B9E41E226568C1008B3263 /* CutString.swift in Sources */,
				D2B9E40C22655633008B3263 /* ViewController.swift in Sources */,
				D2B9E40A22655633008B3263 /* AppDelegate.swift in Sources */,
			);
			runOnlyForDeploymentPostprocessing = 0;
		};
/* End PBXSourcesBuildPhase section */

/* Begin PBXVariantGroup section */
		D2B9E40D22655633008B3263 /* Main.storyboard */ = {
			isa = PBXVariantGroup;
			children = (
				D2B9E40E22655633008B3263 /* Base */,
			);
			name = Main.storyboard;
			sourceTree = "<group>";
		};
		D2B9E41222655635008B3263 /* LaunchScreen.storyboard */ = {
			isa = PBXVariantGroup;
			children = (
				D2B9E41322655635008B3263 /* Base */,
			);
			name = LaunchScreen.storyboard;
			sourceTree = "<group>";
		};
/* End PBXVariantGroup section */

/* Begin XCBuildConfiguration section */
		D2B9E41622655635008B3263 /* Debug */ = {
			isa = XCBuildConfiguration;
			buildSettings = {
				ALWAYS_SEARCH_USER_PATHS = NO;
				CLANG_ANALYZER_NONNULL = YES;
				CLANG_ANALYZER_NUMBER_OBJECT_CONVERSION = YES_AGGRESSIVE;
				CLANG_CXX_LANGUAGE_STANDARD = "gnu++14";
				CLANG_CXX_LIBRARY = "libc++";
				CLANG_ENABLE_MODULES = YES;
				CLANG_ENABLE_OBJC_ARC = YES;
				CLANG_ENABLE_OBJC_WEAK = YES;
				CLANG_WARN_BLOCK_CAPTURE_AUTORELEASING = YES;
				CLANG_WARN_BOOL_CONVERSION = YES;
				CLANG_WARN_COMMA = YES;
				CLANG_WARN_CONSTANT_CONVERSION = YES;
				CLANG_WARN_DEPRECATED_OBJC_IMPLEMENTATIONS = YES;
				CLANG_WARN_DIRECT_OBJC_ISA_USAGE = YES_ERROR;
				CLANG_WARN_DOCUMENTATION_COMMENTS = YES;
				CLANG_WARN_EMPTY_BODY = YES;
				CLANG_WARN_ENUM_CONVERSION = YES;
				CLANG_WARN_INFINITE_RECURSION = YES;
				CLANG_WARN_INT_CONVERSION = YES;
				CLANG_WARN_NON_LITERAL_NULL_CONVERSION = YES;
				CLANG_WARN_OBJC_IMPLICIT_RETAIN_SELF = YES;
				CLANG_WARN_OBJC_LITERAL_CONVERSION = YES;
				CLANG_WARN_OBJC_ROOT_CLASS = YES_ERROR;
				CLANG_WARN_RANGE_LOOP_ANALYSIS = YES;
				CLANG_WARN_STRICT_PROTOTYPES = YES;
				CLANG_WARN_SUSPICIOUS_MOVE = YES;
				CLANG_WARN_UNGUARDED_AVAILABILITY = YES_AGGRESSIVE;
				CLANG_WARN_UNREACHABLE_CODE = YES;
				CLANG_WARN__DUPLICATE_METHOD_MATCH = YES;
				CODE_SIGN_IDENTITY = "iPhone Developer";
				COPY_PHASE_STRIP = NO;
				DEBUG_INFORMATION_FORMAT = dwarf;
				ENABLE_STRICT_OBJC_MSGSEND = YES;
				ENABLE_TESTABILITY = YES;
				GCC_C_LANGUAGE_STANDARD = gnu11;
				GCC_DYNAMIC_NO_PIC = NO;
				GCC_NO_COMMON_BLOCKS = YES;
				GCC_OPTIMIZATION_LEVEL = 0;
				GCC_PREPROCESSOR_DEFINITIONS = (
					"DEBUG=1",
					"$(inherited)",
				);
				GCC_WARN_64_TO_32_BIT_CONVERSION = YES;
				GCC_WARN_ABOUT_RETURN_TYPE = YES_ERROR;
				GCC_WARN_UNDECLARED_SELECTOR = YES;
				GCC_WARN_UNINITIALIZED_AUTOS = YES_AGGRESSIVE;
				GCC_WARN_UNUSED_FUNCTION = YES;
				GCC_WARN_UNUSED_VARIABLE = YES;
				IPHONEOS_DEPLOYMENT_TARGET = 12.2;
				MTL_ENABLE_DEBUG_INFO = INCLUDE_SOURCE;
				MTL_FAST_MATH = YES;
				ONLY_ACTIVE_ARCH = YES;
				SDKROOT = iphoneos;
				SWIFT_ACTIVE_COMPILATION_CONDITIONS = DEBUG;
				SWIFT_OPTIMIZATION_LEVEL = "-Onone";
			};
			name = Debug;
		};
		D2B9E41722655635008B3263 /* Release */ = {
			isa = XCBuildConfiguration;
			buildSettings = {
				ALWAYS_SEARCH_USER_PATHS = NO;
				CLANG_ANALYZER_NONNULL = YES;
				CLANG_ANALYZER_NUMBER_OBJECT_CONVERSION = YES_AGGRESSIVE;
				CLANG_CXX_LANGUAGE_STANDARD = "gnu++14";
				CLANG_CXX_LIBRARY = "libc++";
				CLANG_ENABLE_MODULES = YES;
				CLANG_ENABLE_OBJC_ARC = YES;
				CLANG_ENABLE_OBJC_WEAK = YES;
				CLANG_WARN_BLOCK_CAPTURE_AUTORELEASING = YES;
				CLANG_WARN_BOOL_CONVERSION = YES;
				CLANG_WARN_COMMA = YES;
				CLANG_WARN_CONSTANT_CONVERSION = YES;
				CLANG_WARN_DEPRECATED_OBJC_IMPLEMENTATIONS = YES;
				CLANG_WARN_DIRECT_OBJC_ISA_USAGE = YES_ERROR;
				CLANG_WARN_DOCUMENTATION_COMMENTS = YES;
				CLANG_WARN_EMPTY_BODY = YES;
				CLANG_WARN_ENUM_CONVERSION = YES;
				CLANG_WARN_INFINITE_RECURSION = YES;
				CLANG_WARN_INT_CONVERSION = YES;
				CLANG_WARN_NON_LITERAL_NULL_CONVERSION = YES;
				CLANG_WARN_OBJC_IMPLICIT_RETAIN_SELF = YES;
				CLANG_WARN_OBJC_LITERAL_CONVERSION = YES;
				CLANG_WARN_OBJC_ROOT_CLASS = YES_ERROR;
				CLANG_WARN_RANGE_LOOP_ANALYSIS = YES;
				CLANG_WARN_STRICT_PROTOTYPES = YES;
				CLANG_WARN_SUSPICIOUS_MOVE = YES;
				CLANG_WARN_UNGUARDED_AVAILABILITY = YES_AGGRESSIVE;
				CLANG_WARN_UNREACHABLE_CODE = YES;
				CLANG_WARN__DUPLICATE_METHOD_MATCH = YES;
				CODE_SIGN_IDENTITY = "iPhone Developer";
				COPY_PHASE_STRIP = NO;
				DEBUG_INFORMATION_FORMAT = "dwarf-with-dsym";
				ENABLE_NS_ASSERTIONS = NO;
				ENABLE_STRICT_OBJC_MSGSEND = YES;
				GCC_C_LANGUAGE_STANDARD = gnu11;
				GCC_NO_COMMON_BLOCKS = YES;
				GCC_WARN_64_TO_32_BIT_CONVERSION = YES;
				GCC_WARN_ABOUT_RETURN_TYPE = YES_ERROR;
				GCC_WARN_UNDECLARED_SELECTOR = YES;
				GCC_WARN_UNINITIALIZED_AUTOS = YES_AGGRESSIVE;
				GCC_WARN_UNUSED_FUNCTION = YES;
				GCC_WARN_UNUSED_VARIABLE = YES;
				IPHONEOS_DEPLOYMENT_TARGET = 12.2;
				MTL_ENABLE_DEBUG_INFO = NO;
				MTL_FAST_MATH = YES;
				SDKROOT = iphoneos;
				SWIFT_COMPILATION_MODE = wholemodule;
				SWIFT_OPTIMIZATION_LEVEL = "-O";
				VALIDATE_PRODUCT = YES;
			};
			name = Release;
		};
		D2B9E41922655635008B3263 /* Debug */ = {
			isa = XCBuildConfiguration;
			buildSettings = {
				ASSETCATALOG_COMPILER_APPICON_NAME = AppIcon;
				CODE_SIGN_STYLE = Automatic;
				DEVELOPMENT_TEAM = DGLQEP2M6C;
				INFOPLIST_FILE = TechnicalSample/Info.plist;
				LD_RUNPATH_SEARCH_PATHS = (
					"$(inherited)",
					"@executable_path/Frameworks",
				);
				PRODUCT_BUNDLE_IDENTIFIER = com.jawnyawn.TechnicalSample;
				PRODUCT_NAME = "$(TARGET_NAME)";
				SWIFT_VERSION = 5.0;
				TARGETED_DEVICE_FAMILY = "1,2";
			};
			name = Debug;
		};
		D2B9E41A22655635008B3263 /* Release */ = {
			isa = XCBuildConfiguration;
			buildSettings = {
				ASSETCATALOG_COMPILER_APPICON_NAME = AppIcon;
				CODE_SIGN_STYLE = Automatic;
				DEVELOPMENT_TEAM = DGLQEP2M6C;
				INFOPLIST_FILE = TechnicalSample/Info.plist;
				LD_RUNPATH_SEARCH_PATHS = (
					"$(inherited)",
					"@executable_path/Frameworks",
				);
				PRODUCT_BUNDLE_IDENTIFIER = com.jawnyawn.TechnicalSample;
				PRODUCT_NAME = "$(TARGET_NAME)";
				SWIFT_VERSION = 5.0;
				TARGETED_DEVICE_FAMILY = "1,2";
			};
			name = Release;
		};
/* End XCBuildConfiguration section */

/* Begin XCConfigurationList section */
		D2B9E40122655633008B3263 /* Build configuration list for PBXProject "TechnicalSample" */ = {
			isa = XCConfigurationList;
			buildConfigurations = (
				D2B9E41622655635008B3263 /* Debug */,
				D2B9E41722655635008B3263 /* Release */,
			);
			defaultConfigurationIsVisible = 0;
			defaultConfigurationName = Release;
		};
		D2B9E41822655635008B3263 /* Build configuration list for PBXNativeTarget "TechnicalSample" */ = {
			isa = XCConfigurationList;
			buildConfigurations = (
				D2B9E41922655635008B3263 /* Debug */,
				D2B9E41A22655635008B3263 /* Release */,
			);
			defaultConfigurationIsVisible = 0;
			defaultConfigurationName = Release;
		};
/* End XCConfigurationList section */
	};
	rootObject = D2B9E3FE22655633008B3263 /* Project object */;
}
